
Microsoft Visual Studio Solution File, Format Version 12.00
# Visual Studio Version 16
VisualStudioVersion = 16.6.30114.105
MinimumVisualStudioVersion = 10.0.40219.1
Project("{FAE04EC0-301F-11D3-BF4B-00C04F79EFBC}") = "API", "API\API.csproj", "{530A86F0-0701-4FE1-82C6-53033EFD0B30}"
EndProject
Project("{FAE04EC0-301F-11D3-BF4B-00C04F79EFBC}") = "Application", "Application\Application.csproj", "{0597FE5B-7A8E-40AD-A41C-9849417E01BA}"
EndProject
Project("{FAE04EC0-301F-11D3-BF4B-00C04F79EFBC}") = "Persistence", "Persistence\Persistence.csproj", "{A0F7D333-FE5F-4C3D-89EB-E2E15CB34076}"
EndProject
Project("{FAE04EC0-301F-11D3-BF4B-00C04F79EFBC}") = "Domain", "Domain\Domain.csproj", "{D4CDBBB4-37E7-417F-8705-003245933559}"
EndProject
Global
	GlobalSection(SolutionConfigurationPlatforms) = preSolution
		Debug|Any CPU = Debug|Any CPU
		Debug|x64 = Debug|x64
		Debug|x86 = Debug|x86
		Release|Any CPU = Release|Any CPU
		Release|x64 = Release|x64
		Release|x86 = Release|x86
	EndGlobalSection
	GlobalSection(SolutionProperties) = preSolution
		HideSolutionNode = FALSE
	EndGlobalSection
	GlobalSection(ProjectConfigurationPlatforms) = postSolution
		{530A86F0-0701-4FE1-82C6-53033EFD0B30}.Debug|Any CPU.ActiveCfg = Debug|Any CPU
		{530A86F0-0701-4FE1-82C6-53033EFD0B30}.Debug|Any CPU.Build.0 = Debug|Any CPU
		{530A86F0-0701-4FE1-82C6-53033EFD0B30}.Debug|x64.ActiveCfg = Debug|Any CPU
		{530A86F0-0701-4FE1-82C6-53033EFD0B30}.Debug|x64.Build.0 = Debug|Any CPU
		{530A86F0-0701-4FE1-82C6-53033EFD0B30}.Debug|x86.ActiveCfg = Debug|Any CPU
		{530A86F0-0701-4FE1-82C6-53033EFD0B30}.Debug|x86.Build.0 = Debug|Any CPU
		{530A86F0-0701-4FE1-82C6-53033EFD0B30}.Release|Any CPU.ActiveCfg = Release|Any CPU
		{530A86F0-0701-4FE1-82C6-53033EFD0B30}.Release|Any CPU.Build.0 = Release|Any CPU
		{530A86F0-0701-4FE1-82C6-53033EFD0B30}.Release|x64.ActiveCfg = Release|Any CPU
		{530A86F0-0701-4FE1-82C6-53033EFD0B30}.Release|x64.Build.0 = Release|Any CPU
		{530A86F0-0701-4FE1-82C6-53033EFD0B30}.Release|x86.ActiveCfg = Release|Any CPU
		{530A86F0-0701-4FE1-82C6-53033EFD0B30}.Release|x86.Build.0 = Release|Any CPU
		{0597FE5B-7A8E-40AD-A41C-9849417E01BA}.Debug|Any CPU.ActiveCfg = Debug|Any CPU
		{0597FE5B-7A8E-40AD-A41C-9849417E01BA}.Debug|Any CPU.Build.0 = Debug|Any CPU
		{0597FE5B-7A8E-40AD-A41C-9849417E01BA}.Debug|x64.ActiveCfg = Debug|Any CPU
		{0597FE5B-7A8E-40AD-A41C-9849417E01BA}.Debug|x64.Build.0 = Debug|Any CPU
		{0597FE5B-7A8E-40AD-A41C-9849417E01BA}.Debug|x86.ActiveCfg = Debug|Any CPU
		{0597FE5B-7A8E-40AD-A41C-9849417E01BA}.Debug|x86.Build.0 = Debug|Any CPU
		{0597FE5B-7A8E-40AD-A41C-9849417E01BA}.Release|Any CPU.ActiveCfg = Release|Any CPU
		{0597FE5B-7A8E-40AD-A41C-9849417E01BA}.Release|Any CPU.Build.0 = Release|Any CPU
		{0597FE5B-7A8E-40AD-A41C-9849417E01BA}.Release|x64.ActiveCfg = Release|Any CPU
		{0597FE5B-7A8E-40AD-A41C-9849417E01BA}.Release|x64.Build.0 = Release|Any CPU
		{0597FE5B-7A8E-40AD-A41C-9849417E01BA}.Release|x86.ActiveCfg = Release|Any CPU
		{0597FE5B-7A8E-40AD-A41C-9849417E01BA}.Release|x86.Build.0 = Release|Any CPU
		{A0F7D333-FE5F-4C3D-89EB-E2E15CB34076}.Debug|Any CPU.ActiveCfg = Debug|Any CPU
		{A0F7D333-FE5F-4C3D-89EB-E2E15CB34076}.Debug|Any CPU.Build.0 = Debug|Any CPU
		{A0F7D333-FE5F-4C3D-89EB-E2E15CB34076}.Debug|x64.ActiveCfg = Debug|Any CPU
		{A0F7D333-FE5F-4C3D-89EB-E2E15CB34076}.Debug|x64.Build.0 = Debug|Any CPU
		{A0F7D333-FE5F-4C3D-89EB-E2E15CB34076}.Debug|x86.ActiveCfg = Debug|Any CPU
		{A0F7D333-FE5F-4C3D-89EB-E2E15CB34076}.Debug|x86.Build.0 = Debug|Any CPU
		{A0F7D333-FE5F-4C3D-89EB-E2E15CB34076}.Release|Any CPU.ActiveCfg = Release|Any CPU
		{A0F7D333-FE5F-4C3D-89EB-E2E15CB34076}.Release|Any CPU.Build.0 = Release|Any CPU
		{A0F7D333-FE5F-4C3D-89EB-E2E15CB34076}.Release|x64.ActiveCfg = Release|Any CPU
		{A0F7D333-FE5F-4C3D-89EB-E2E15CB34076}.Release|x64.Build.0 = Release|Any CPU
		{A0F7D333-FE5F-4C3D-89EB-E2E15CB34076}.Release|x86.ActiveCfg = Release|Any CPU
		{A0F7D333-FE5F-4C3D-89EB-E2E15CB34076}.Release|x86.Build.0 = Release|Any CPU
		{D4CDBBB4-37E7-417F-8705-003245933559}.Debug|Any CPU.ActiveCfg = Debug|Any CPU
		{D4CDBBB4-37E7-417F-8705-003245933559}.Debug|Any CPU.Build.0 = Debug|Any CPU
		{D4CDBBB4-37E7-417F-8705-003245933559}.Debug|x64.ActiveCfg = Debug|Any CPU
		{D4CDBBB4-37E7-417F-8705-003245933559}.Debug|x64.Build.0 = Debug|Any CPU
		{D4CDBBB4-37E7-417F-8705-003245933559}.Debug|x86.ActiveCfg = Debug|Any CPU
		{D4CDBBB4-37E7-417F-8705-003245933559}.Debug|x86.Build.0 = Debug|Any CPU
		{D4CDBBB4-37E7-417F-8705-003245933559}.Release|Any CPU.ActiveCfg = Release|Any CPU
		{D4CDBBB4-37E7-417F-8705-003245933559}.Release|Any CPU.Build.0 = Release|Any CPU
		{D4CDBBB4-37E7-417F-8705-003245933559}.Release|x64.ActiveCfg = Release|Any CPU
		{D4CDBBB4-37E7-417F-8705-003245933559}.Release|x64.Build.0 = Release|Any CPU
		{D4CDBBB4-37E7-417F-8705-003245933559}.Release|x86.ActiveCfg = Release|Any CPU
		{D4CDBBB4-37E7-417F-8705-003245933559}.Release|x86.Build.0 = Release|Any CPU
	EndGlobalSection
EndGlobal
